
Microsoft Visual Studio Solution File, Format Version 12.00
# Visual Studio Version 17
VisualStudioVersion = 17.4.33122.133
MinimumVisualStudioVersion = 10.0.40219.1
Project("{FAE04EC0-301F-11D3-BF4B-00C04F79EFBC}") = "DoublyLinkedList", "DoublyLinkedList\DoublyLinkedList.csproj", "{453AB772-2613-4D45-A6EF-E62EADCDCBC0}"
EndProject
Global
	GlobalSection(SolutionConfigurationPlatforms) = preSolution
		Debug|Any CPU = Debug|Any CPU
		Release|Any CPU = Release|Any CPU
	EndGlobalSection
	GlobalSection(ProjectConfigurationPlatforms) = postSolution
		{453AB772-2613-4D45-A6EF-E62EADCDCBC0}.Debug|Any CPU.ActiveCfg = Debug|Any CPU
		{453AB772-2613-4D45-A6EF-E62EADCDCBC0}.Debug|Any CPU.Build.0 = Debug|Any CPU
		{453AB772-2613-4D45-A6EF-E62EADCDCBC0}.Release|Any CPU.ActiveCfg = Release|Any CPU
		{453AB772-2613-4D45-A6EF-E62EADCDCBC0}.Release|Any CPU.Build.0 = Release|Any CPU
	EndGlobalSection
	GlobalSection(SolutionProperties) = preSolution
		HideSolutionNode = FALSE
	EndGlobalSection
	GlobalSection(ExtensibilityGlobals) = postSolution
		SolutionGuid = {11DC901E-E40B-4ED2-954E-231EBC028B33}
	EndGlobalSection
EndGlobal
